{
  "requires": true,
  "lockfileVersion": 1,
  "dependencies": {
    "quaternion": {
      "version": "1.0.5",
      "resolved": "https://registry.npmjs.org/quaternion/-/quaternion-1.0.5.tgz",
      "integrity": "sha512-StmkfFTHZ2CUA9b2qVCOaPZnuiR4W7YgRtrdCefICs4z+ny1qG3lpQ6UN33aC54h0r+i4D7sikvdg8Dv2DLGpw=="
    }
  }
}
